{
  "name": "root",
  "requires": true,
  "lockfileVersion": 1,
  "dependencies": {
    "@heswell/utils": {
      "version": "1.0.0",
      "resolved": "http://localhost:4873/@heswell%2futils/-/utils-1.0.0.tgz",
      "integrity": "sha512-ByR4uJbZaAYcxPK6d34P1le+5blwlFB6qsuK/YNVZgAMTKlUyZdED3LCiZBIFlF0O3UYZt4N53bUJO+CqYMHJQ=="
    },
    "async": {
      "version": "2.6.3",
      "resolved": "http://localhost:4873/async/-/async-2.6.3.tgz",
      "integrity": "sha512-zflvls11DCy+dQWzTW2dzuilv8Z5X/pjfmZOWba6TNIVDm+2UDaJmXSOXlasHKfNBs8oo3M0aT50fDEWfKZjXg==",
      "dev": true,
      "requires": {
        "lodash": "^4.17.14"
      }
    },
    "big.js": {
      "version": "5.2.2",
      "resolved": "http://localhost:4873/big.js/-/big.js-5.2.2.tgz",
      "integrity": "sha512-vyL2OymJxmarO8gxMr0mhChsO9QGwhynfuu4+MHTAW6czfq9humCB7rKpUjDd9YUiDPU4mzpyupFSvOClAwbmQ==",
      "dev": true
    },
    "emojis-list": {
      "version": "2.1.0",
      "resolved": "http://localhost:4873/emojis-list/-/emojis-list-2.1.0.tgz",
      "integrity": "sha1-TapNnbAPmBmIDHn6RXrlsJof04k=",
      "dev": true
    },
    "json5": {
      "version": "1.0.1",
      "resolved": "http://localhost:4873/json5/-/json5-1.0.1.tgz",
      "integrity": "sha512-aKS4WQjPenRxiQsC93MNfjx+nbF4PAdYzmd/1JIj8HYzqfbu86beTuNgXDzPknWk0n0uARlyewZo4s++ES36Ow==",
      "dev": true,
      "requires": {
        "minimist": "^1.2.0"
      }
    },
    "loader-utils": {
      "version": "1.2.3",
      "resolved": "http://localhost:4873/loader-utils/-/loader-utils-1.2.3.tgz",
      "integrity": "sha512-fkpz8ejdnEMG3s37wGL07iSBDg99O9D5yflE9RGNH3hRdx9SOwYfnGYdZOUIZitN8E+E2vkq3MUMYMvPYl5ZZA==",
      "dev": true,
      "requires": {
        "big.js": "^5.2.2",
        "emojis-list": "^2.0.0",
        "json5": "^1.0.1"
      }
    },
    "lodash": {
      "version": "4.17.15",
      "resolved": "http://localhost:4873/lodash/-/lodash-4.17.15.tgz",
      "integrity": "sha512-8xOcRHvCjnocdS5cpwXQXVzmmh5e5+saE2QGoeQmbKmRS6J3VQppPOIt0MnmE+4xlZoumy0GPG0D0MVIQbNA1A==",
      "dev": true
    },
    "minimist": {
      "version": "1.2.0",
      "resolved": "http://localhost:4873/minimist/-/minimist-1.2.0.tgz",
      "integrity": "sha1-o1AIsg9BOD7sH7kU9M1d95omQoQ=",
      "dev": true
    },
    "source-map-loader": {
      "version": "0.2.4",
      "resolved": "http://localhost:4873/source-map-loader/-/source-map-loader-0.2.4.tgz",
      "integrity": "sha512-OU6UJUty+i2JDpTItnizPrlpOIBLmQbWMuBg9q5bVtnHACqw1tn9nNwqJLbv0/00JjnJb/Ee5g5WS5vrRv7zIQ==",
      "dev": true,
      "requires": {
        "async": "^2.5.0",
        "loader-utils": "^1.1.0"
      }
    }
  }
}
