{
  "name": "@heswell/toolkit",
  "version": "0.0.1",
  "lockfileVersion": 1,
  "requires": true,
  "dependencies": {
    "react-is": {
      "version": "17.0.1",
      "resolved": "https://artifacts.jpmchase.net/artifactory/api/npm/npm/react-is/-/react-is-17.0.1.tgz",
      "integrity": "sha1-WzUxvXamRaTJ+25pPtNkGeMwEzk="
    }
  }
}
