{
  "name": "@heswell/server-core",
  "version": "2.0.5",
  "lockfileVersion": 1,
  "requires": true,
  "dependencies": {
    "uWebSockets.js": {
      "version": "github:uNetworking/uWebSockets.js#a24c50180536c1edbc112ba63cda7d07df1b4a93",
      "from": "github:uNetworking/uWebSockets.js#v17.6.0"
    }
  }
}
